
Microsoft Visual Studio Solution File, Format Version 12.00
# Visual Studio Version 16
VisualStudioVersion = 16.0.30804.86
MinimumVisualStudioVersion = 10.0.40219.1
Project("{9A19103F-16F7-4668-BE54-9A1E7A4F7556}") = "Your2020", "Your2020.csproj", "{51DDF731-76EA-47C7-B102-1E87545DD296}"
EndProject
Global
	GlobalSection(SolutionConfigurationPlatforms) = preSolution
		Debug|Any CPU = Debug|Any CPU
		Release|Any CPU = Release|Any CPU
	EndGlobalSection
	GlobalSection(ProjectConfigurationPlatforms) = postSolution
		{51DDF731-76EA-47C7-B102-1E87545DD296}.Debug|Any CPU.ActiveCfg = Debug|Any CPU
		{51DDF731-76EA-47C7-B102-1E87545DD296}.Debug|Any CPU.Build.0 = Debug|Any CPU
		{51DDF731-76EA-47C7-B102-1E87545DD296}.Release|Any CPU.ActiveCfg = Release|Any CPU
		{51DDF731-76EA-47C7-B102-1E87545DD296}.Release|Any CPU.Build.0 = Release|Any CPU
	EndGlobalSection
	GlobalSection(SolutionProperties) = preSolution
		HideSolutionNode = FALSE
	EndGlobalSection
	GlobalSection(ExtensibilityGlobals) = postSolution
		SolutionGuid = {EE2CFA73-907C-4290-95CE-14567BB73425}
	EndGlobalSection
EndGlobal
